{
  "name": "esds",
  "version": "0.4.2",
  "lockfileVersion": 2,
  "requires": true,
  "packages": {
    "": {
      "name": "esds",
      "version": "0.4.2",
      "license": "MIT",
      "dependencies": {
        "xxhash-wasm": "^0.4.1"
      }
    },
    "node_modules/xxhash-wasm": {
      "version": "0.4.1",
      "resolved": "https://registry.npmjs.org/xxhash-wasm/-/xxhash-wasm-0.4.1.tgz",
      "integrity": "sha512-sAaACjH5Th5O2Y1Pl6Mm03bHdie8htTm7ZG146by2ITXuxD1Ksx46ZEOYaDhtlCY3fHrmDfdvzTOGzO1R00COA=="
    }
  },
  "dependencies": {
    "xxhash-wasm": {
      "version": "0.4.1",
      "resolved": "https://registry.npmjs.org/xxhash-wasm/-/xxhash-wasm-0.4.1.tgz",
      "integrity": "sha512-sAaACjH5Th5O2Y1Pl6Mm03bHdie8htTm7ZG146by2ITXuxD1Ksx46ZEOYaDhtlCY3fHrmDfdvzTOGzO1R00COA=="
    }
  }
}
